
Microsoft Visual Studio Solution File, Format Version 12.00
# Visual Studio Version 16
VisualStudioVersion = 16.0.30114.105
MinimumVisualStudioVersion = 10.0.40219.1
Project("{FAE04EC0-301F-11D3-BF4B-00C04F79EFBC}") = "Cigar.Core", "src\Cigar.Core\Cigar.Core.csproj", "{8CE1CD6D-172D-48A3-9CD4-179BEE82EF69}"
EndProject
Project("{2150E333-8FDC-42A3-9474-1A3956D46DE8}") = "Parsers", "Parsers", "{830605DA-7B3A-4EE7-98AE-2DAE1EE6B170}"
EndProject
Project("{FAE04EC0-301F-11D3-BF4B-00C04F79EFBC}") = "Cigar.Parsers.Kernel", "src\Parsers\Cigar.Parsers.Kernel\Cigar.Parsers.Kernel.csproj", "{9BE3008F-0DD7-44FA-BA2C-342FEE919C57}"
EndProject
Global
	GlobalSection(SolutionConfigurationPlatforms) = preSolution
		Debug|Any CPU = Debug|Any CPU
		Release|Any CPU = Release|Any CPU
	EndGlobalSection
	GlobalSection(SolutionProperties) = preSolution
		HideSolutionNode = FALSE
	EndGlobalSection
	GlobalSection(ProjectConfigurationPlatforms) = postSolution
		{8CE1CD6D-172D-48A3-9CD4-179BEE82EF69}.Debug|Any CPU.ActiveCfg = Debug|Any CPU
		{8CE1CD6D-172D-48A3-9CD4-179BEE82EF69}.Debug|Any CPU.Build.0 = Debug|Any CPU
		{8CE1CD6D-172D-48A3-9CD4-179BEE82EF69}.Release|Any CPU.ActiveCfg = Release|Any CPU
		{8CE1CD6D-172D-48A3-9CD4-179BEE82EF69}.Release|Any CPU.Build.0 = Release|Any CPU
		{9BE3008F-0DD7-44FA-BA2C-342FEE919C57}.Debug|Any CPU.ActiveCfg = Debug|Any CPU
		{9BE3008F-0DD7-44FA-BA2C-342FEE919C57}.Debug|Any CPU.Build.0 = Debug|Any CPU
		{9BE3008F-0DD7-44FA-BA2C-342FEE919C57}.Release|Any CPU.ActiveCfg = Release|Any CPU
		{9BE3008F-0DD7-44FA-BA2C-342FEE919C57}.Release|Any CPU.Build.0 = Release|Any CPU
	EndGlobalSection
	GlobalSection(NestedProjects) = preSolution
		{9BE3008F-0DD7-44FA-BA2C-342FEE919C57} = {830605DA-7B3A-4EE7-98AE-2DAE1EE6B170}
	EndGlobalSection
EndGlobal
